{
  "requires": true,
  "lockfileVersion": 1,
  "dependencies": {
    "@angular/http": {
      "version": "6.1.1",
      "resolved": "https://registry.npmjs.org/@angular/http/-/http-6.1.1.tgz",
      "integrity": "sha512-1VtFTSJeo1Q3pgbQ65NyMZFV3f+Jd8i4XMbmqOf+L7StosI1HE8eiDbm1SgQOuXZv0MFwgKMEXy7lzfnyl9Udw==",
      "requires": {
        "tslib": "1.9.3"
      }
    },
    "tslib": {
      "version": "1.9.3",
      "resolved": "https://registry.npmjs.org/tslib/-/tslib-1.9.3.tgz",
      "integrity": "sha512-4krF8scpejhaOgqzBEcGM7yDIEfi0/8+8zDRZhNZZ2kjmHJ4hv3zCbQWxoJGz1iw5U0Jl0nma13xzHXcncMavQ=="
    }
  }
}
